<?xml version="1.0" encoding="utf-8"?>
<Project ToolsVersion="4.0" xmlns="http://schemas.microsoft.com/developer/msbuild/2003">
  <ItemGroup>
    <Filter Include="headers">
      <UniqueIdentifier>{E12E153C-4D0E-94D7-5626-1FAEC284FA38}</UniqueIdentifier>
    </Filter>
    <Filter Include="headers\VulkanEngine">
      <UniqueIdentifier>{17857AB1-0314-047B-AC32-187698A01421}</UniqueIdentifier>
    </Filter>
    <Filter Include="headers\VulkanEngine\DrawNodes">
      <UniqueIdentifier>{8D77F1A1-799D-BB08-62E3-40D44EA8E0D4}</UniqueIdentifier>
    </Filter>
    <Filter Include="headers\VulkanEngine\Managers">
      <UniqueIdentifier>{D4F0367A-4009-1EA4-09B6-AD3D758DB23D}</UniqueIdentifier>
    </Filter>
    <Filter Include="shaders">
      <UniqueIdentifier>{0F45D591-7B24-542D-843C-DF03F09ABA8E}</UniqueIdentifier>
    </Filter>
    <Filter Include="source">
      <UniqueIdentifier>{76FF3A1C-62A1-65F2-4B5C-7946379DEC42}</UniqueIdentifier>
    </Filter>
    <Filter Include="source\VulkanEngine">
      <UniqueIdentifier>{CCDFF390-3841-D19E-C1AE-17512D0F085E}</UniqueIdentifier>
    </Filter>
    <Filter Include="source\VulkanEngine\DrawNodes">
      <UniqueIdentifier>{8278EFCE-EE90-D6F8-B73D-669223156B92}</UniqueIdentifier>
    </Filter>
    <Filter Include="source\VulkanEngine\Managers">
      <UniqueIdentifier>{29274E64-15E2-3D10-BE99-B65AAA3388A0}</UniqueIdentifier>
    </Filter>
    <Filter Include="vendor">
      <UniqueIdentifier>{B3738122-9F15-ACF8-88D0-BF4C74113349}</UniqueIdentifier>
    </Filter>
    <Filter Include="vendor\imgui-docking">
      <UniqueIdentifier>{C9008B63-B58F-142D-5EAE-28284A1C25D3}</UniqueIdentifier>
    </Filter>
    <Filter Include="vendor\imgui-docking\backends">
      <UniqueIdentifier>{136DCCA9-7F85-B3D3-4832-436DB409486D}</UniqueIdentifier>
    </Filter>
  </ItemGroup>
  <ItemGroup>
    <ClInclude Include="source\VulkanEngine\Camera.hpp">
      <Filter>headers\VulkanEngine</Filter>
    </ClInclude>
    <ClInclude Include="source\VulkanEngine\DrawNodes\BindingTable.hpp">
      <Filter>headers\VulkanEngine\DrawNodes</Filter>
    </ClInclude>
    <ClInclude Include="source\VulkanEngine\DrawNodes\DrawNode.hpp">
      <Filter>headers\VulkanEngine\DrawNodes</Filter>
    </ClInclude>
    <ClInclude Include="source\VulkanEngine\DrawNodes\GeometryNode.hpp">
      <Filter>headers\VulkanEngine\DrawNodes</Filter>
    </ClInclude>
    <ClInclude Include="source\VulkanEngine\DrawNodes\LightingNode.hpp">
      <Filter>headers\VulkanEngine\DrawNodes</Filter>
    </ClInclude>
    <ClInclude Include="source\VulkanEngine\DrawNodes\Pipeline.hpp">
      <Filter>headers\VulkanEngine\DrawNodes</Filter>
    </ClInclude>
    <ClInclude Include="source\VulkanEngine\DrawNodes\ShadowNode.hpp">
      <Filter>headers\VulkanEngine\DrawNodes</Filter>
    </ClInclude>
    <ClInclude Include="source\VulkanEngine\DrawNodes\SkyNode.hpp">
      <Filter>headers\VulkanEngine\DrawNodes</Filter>
    </ClInclude>
    <ClInclude Include="source\VulkanEngine\DrawNodes\TerrainNode.hpp">
      <Filter>headers\VulkanEngine\DrawNodes</Filter>
    </ClInclude>
    <ClInclude Include="source\VulkanEngine\GraphicsContext.hpp">
      <Filter>headers\VulkanEngine</Filter>
    </ClInclude>
    <ClInclude Include="source\VulkanEngine\Managers\AttachmentManager.hpp">
      <Filter>headers\VulkanEngine\Managers</Filter>
    </ClInclude>
    <ClInclude Include="source\VulkanEngine\Managers\InputManager.hpp">
      <Filter>headers\VulkanEngine\Managers</Filter>
    </ClInclude>
    <ClInclude Include="source\VulkanEngine\Managers\Model.hpp">
      <Filter>headers\VulkanEngine\Managers</Filter>
    </ClInclude>
    <ClInclude Include="source\VulkanEngine\Managers\ModelManager.hpp">
      <Filter>headers\VulkanEngine\Managers</Filter>
    </ClInclude>
    <ClInclude Include="source\VulkanEngine\Managers\Texture.hpp">
      <Filter>headers\VulkanEngine\Managers</Filter>
    </ClInclude>
    <ClInclude Include="source\VulkanEngine\Swapchain.hpp">
      <Filter>headers\VulkanEngine</Filter>
    </ClInclude>
    <ClInclude Include="source\VulkanEngine\VulkanGraphicsEngine.hpp">
      <Filter>headers\VulkanEngine</Filter>
    </ClInclude>
    <ClInclude Include="source\VulkanEngine\VulkanGraphicsEngineUtils.hpp">
      <Filter>headers\VulkanEngine</Filter>
    </ClInclude>
    <ClInclude Include="vendor\imgui-docking\backends\imgui_impl_glfw.hpp">
      <Filter>vendor\imgui-docking\backends</Filter>
    </ClInclude>
    <ClInclude Include="vendor\imgui-docking\backends\imgui_impl_vulkan.hpp">
      <Filter>vendor\imgui-docking\backends</Filter>
    </ClInclude>
    <ClInclude Include="vendor\imgui-docking\imgui.h">
      <Filter>vendor\imgui-docking</Filter>
    </ClInclude>
    <ClInclude Include="vendor\imgui-docking\imgui_internal.h">
      <Filter>vendor\imgui-docking</Filter>
    </ClInclude>
  </ItemGroup>
  <ItemGroup>
    <ClCompile Include="source\Main.cpp">
      <Filter>source</Filter>
    </ClCompile>
    <ClCompile Include="source\VulkanEngine\Camera.cpp">
      <Filter>source\VulkanEngine</Filter>
    </ClCompile>
    <ClCompile Include="source\VulkanEngine\DrawNodes\BindingTable.cpp">
      <Filter>source\VulkanEngine\DrawNodes</Filter>
    </ClCompile>
    <ClCompile Include="source\VulkanEngine\DrawNodes\DrawNode.cpp">
      <Filter>source\VulkanEngine\DrawNodes</Filter>
    </ClCompile>
    <ClCompile Include="source\VulkanEngine\DrawNodes\GeometryNode.cpp">
      <Filter>source\VulkanEngine\DrawNodes</Filter>
    </ClCompile>
    <ClCompile Include="source\VulkanEngine\DrawNodes\LightingNode.cpp">
      <Filter>source\VulkanEngine\DrawNodes</Filter>
    </ClCompile>
    <ClCompile Include="source\VulkanEngine\DrawNodes\Pipeline.cpp">
      <Filter>source\VulkanEngine\DrawNodes</Filter>
    </ClCompile>
    <ClCompile Include="source\VulkanEngine\DrawNodes\ShadowNode.cpp">
      <Filter>source\VulkanEngine\DrawNodes</Filter>
    </ClCompile>
    <ClCompile Include="source\VulkanEngine\DrawNodes\SkyNode.cpp">
      <Filter>source\VulkanEngine\DrawNodes</Filter>
    </ClCompile>
    <ClCompile Include="source\VulkanEngine\DrawNodes\TerrainNode.cpp">
      <Filter>source\VulkanEngine\DrawNodes</Filter>
    </ClCompile>
    <ClCompile Include="source\VulkanEngine\GraphicsContext.cpp">
      <Filter>source\VulkanEngine</Filter>
    </ClCompile>
    <ClCompile Include="source\VulkanEngine\Managers\AttachmentManager.cpp">
      <Filter>source\VulkanEngine\Managers</Filter>
    </ClCompile>
    <ClCompile Include="source\VulkanEngine\Managers\InputManager.cpp">
      <Filter>source\VulkanEngine\Managers</Filter>
    </ClCompile>
    <ClCompile Include="source\VulkanEngine\Managers\Model.cpp">
      <Filter>source\VulkanEngine\Managers</Filter>
    </ClCompile>
    <ClCompile Include="source\VulkanEngine\Managers\ModelManager.cpp">
      <Filter>source\VulkanEngine\Managers</Filter>
    </ClCompile>
    <ClCompile Include="source\VulkanEngine\Managers\Texture.cpp">
      <Filter>source\VulkanEngine\Managers</Filter>
    </ClCompile>
    <ClCompile Include="source\VulkanEngine\Swapchain.cpp">
      <Filter>source\VulkanEngine</Filter>
    </ClCompile>
    <ClCompile Include="source\VulkanEngine\VulkanGraphicsEngine.cpp">
      <Filter>source\VulkanEngine</Filter>
    </ClCompile>
    <ClCompile Include="vendor\imgui-docking\backends\imgui_impl_glfw.cpp">
      <Filter>vendor\imgui-docking\backends</Filter>
    </ClCompile>
    <ClCompile Include="vendor\imgui-docking\backends\imgui_impl_vulkan.cpp">
      <Filter>vendor\imgui-docking\backends</Filter>
    </ClCompile>
    <ClCompile Include="vendor\imgui-docking\imgui.cpp">
      <Filter>vendor\imgui-docking</Filter>
    </ClCompile>
    <ClCompile Include="vendor\imgui-docking\imgui_demo.cpp">
      <Filter>vendor\imgui-docking</Filter>
    </ClCompile>
    <ClCompile Include="vendor\imgui-docking\imgui_draw.cpp">
      <Filter>vendor\imgui-docking</Filter>
    </ClCompile>
    <ClCompile Include="vendor\imgui-docking\imgui_tables.cpp">
      <Filter>vendor\imgui-docking</Filter>
    </ClCompile>
    <ClCompile Include="vendor\imgui-docking\imgui_widgets.cpp">
      <Filter>vendor\imgui-docking</Filter>
    </ClCompile>
  </ItemGroup>
  <ItemGroup>
    <CustomBuild Include="shaders\atmospherics.frag">
      <Filter>shaders</Filter>
    </CustomBuild>
    <CustomBuild Include="shaders\atmospherics.vert">
      <Filter>shaders</Filter>
    </CustomBuild>
    <CustomBuild Include="shaders\deferred.frag">
      <Filter>shaders</Filter>
    </CustomBuild>
    <CustomBuild Include="shaders\deferred.vert">
      <Filter>shaders</Filter>
    </CustomBuild>
    <CustomBuild Include="shaders\geometry.frag">
      <Filter>shaders</Filter>
    </CustomBuild>
    <CustomBuild Include="shaders\geometry.vert">
      <Filter>shaders</Filter>
    </CustomBuild>
    <CustomBuild Include="shaders\shader.frag">
      <Filter>shaders</Filter>
    </CustomBuild>
    <CustomBuild Include="shaders\shader.vert">
      <Filter>shaders</Filter>
    </CustomBuild>
    <CustomBuild Include="shaders\shadow.frag">
      <Filter>shaders</Filter>
    </CustomBuild>
    <CustomBuild Include="shaders\shadow.vert">
      <Filter>shaders</Filter>
    </CustomBuild>
  </ItemGroup>
</Project>