<?xml version="1.0" encoding="utf-8"?>
<Project ToolsVersion="4.0" xmlns="http://schemas.microsoft.com/developer/msbuild/2003">
  <ItemGroup>
    <Filter Include="Source Files">
      <UniqueIdentifier>{4FC737F1-C7A5-4376-A066-2A32D752A2FF}</UniqueIdentifier>
      <Extensions>cpp;c;cc;cxx;c++;cppm;ixx;def;odl;idl;hpj;bat;asm;asmx</Extensions>
    </Filter>
    <Filter Include="Header Files">
      <UniqueIdentifier>{93995380-89BD-4b04-88EB-625FBE52EBFB}</UniqueIdentifier>
      <Extensions>h;hh;hpp;hxx;h++;hm;inl;inc;ipp;xsd</Extensions>
    </Filter>
    <Filter Include="Resource Files">
      <UniqueIdentifier>{67DA6AB6-F800-4c08-8B7A-83BB121AAD01}</UniqueIdentifier>
      <Extensions>rc;ico;cur;bmp;dlg;rc2;rct;bin;rgs;gif;jpg;jpeg;jpe;resx;tiff;tif;png;wav;mfcribbon-ms</Extensions>
    </Filter>
    <Filter Include="Source Files\DrawPasses">
      <UniqueIdentifier>{2a157a9e-e327-45c5-bcf0-2e439aab7619}</UniqueIdentifier>
    </Filter>
    <Filter Include="Header Files\DrawPasses">
      <UniqueIdentifier>{9a514dec-4fe9-43a7-8af1-041b6e22bd95}</UniqueIdentifier>
    </Filter>
    <Filter Include="Shaders">
      <UniqueIdentifier>{55a3c1cb-d3d7-4e2b-b1eb-1e34cabf7751}</UniqueIdentifier>
    </Filter>
    <Filter Include="ImGui">
      <UniqueIdentifier>{54d24e3d-db98-4f81-9c6c-e8be1456d542}</UniqueIdentifier>
    </Filter>
    <Filter Include="Header Files\Managers">
      <UniqueIdentifier>{b5f0c427-da28-4258-a2cb-df45cd2a3c85}</UniqueIdentifier>
    </Filter>
    <Filter Include="Source Files\Managers">
      <UniqueIdentifier>{af6f00e4-1e9f-4451-b2e5-420024cb53c9}</UniqueIdentifier>
    </Filter>
  </ItemGroup>
  <ItemGroup>
    <ClCompile Include="..\source\VulkanEngine\DrawPasses\GeometryPass.cpp">
      <Filter>Source Files\DrawPasses</Filter>
    </ClCompile>
    <ClCompile Include="..\source\VulkanEngine\DrawPasses\LightingPass.cpp">
      <Filter>Source Files\DrawPasses</Filter>
    </ClCompile>
    <ClCompile Include="..\source\VulkanEngine\DrawPasses\ShadowPass.cpp">
      <Filter>Source Files\DrawPasses</Filter>
    </ClCompile>
    <ClCompile Include="..\source\VulkanEngine\VulkanGraphicsEngine.cpp">
      <Filter>Source Files</Filter>
    </ClCompile>
    <ClCompile Include="..\source\VulkanEngine\Swapchain.cpp">
      <Filter>Source Files</Filter>
    </ClCompile>
    <ClCompile Include="..\source\VulkanEngine\GraphicsContext.cpp">
      <Filter>Source Files</Filter>
    </ClCompile>
    <ClCompile Include="..\source\VulkanEngine\Camera.cpp">
      <Filter>Source Files</Filter>
    </ClCompile>
    <ClCompile Include="..\vendor\imgui-docking\imgui.cpp">
      <Filter>ImGui</Filter>
    </ClCompile>
    <ClCompile Include="..\vendor\imgui-docking\backends\imgui_impl_glfw.cpp">
      <Filter>ImGui</Filter>
    </ClCompile>
    <ClCompile Include="..\vendor\imgui-docking\backends\imgui_impl_vulkan.cpp">
      <Filter>ImGui</Filter>
    </ClCompile>
    <ClCompile Include="..\vendor\imgui-docking\imgui_demo.cpp">
      <Filter>ImGui</Filter>
    </ClCompile>
    <ClCompile Include="..\vendor\imgui-docking\imgui_draw.cpp">
      <Filter>ImGui</Filter>
    </ClCompile>
    <ClCompile Include="..\vendor\imgui-docking\imgui_tables.cpp">
      <Filter>ImGui</Filter>
    </ClCompile>
    <ClCompile Include="..\vendor\imgui-docking\imgui_widgets.cpp">
      <Filter>ImGui</Filter>
    </ClCompile>
    <ClCompile Include="..\source\VulkanEngine\DrawPasses\AtmosphericsPass.cpp">
      <Filter>Source Files\DrawPasses</Filter>
    </ClCompile>
    <ClCompile Include="..\source\VulkanEngine\Managers\InputManager.cpp">
      <Filter>Source Files\Managers</Filter>
    </ClCompile>
    <ClCompile Include="..\source\VulkanEngine\Managers\Model.cpp">
      <Filter>Source Files\Managers</Filter>
    </ClCompile>
    <ClCompile Include="..\source\VulkanEngine\Managers\ModelManager.cpp">
      <Filter>Source Files\Managers</Filter>
    </ClCompile>
    <ClCompile Include="..\source\VulkanEngine\Managers\Texture.cpp">
      <Filter>Source Files\Managers</Filter>
    </ClCompile>
    <ClCompile Include="..\source\Main.cpp">
      <Filter>Source Files</Filter>
    </ClCompile>
    <ClCompile Include="..\source\VulkanEngine\DrawPasses\DrawPass.cpp">
      <Filter>Source Files\DrawPasses</Filter>
    </ClCompile>
    <ClCompile Include="..\source\VulkanEngine\DrawPasses\Pipeline.cpp">
      <Filter>Source Files\DrawPasses</Filter>
    </ClCompile>
  </ItemGroup>
  <ItemGroup>
    <ClInclude Include="..\source\VulkanEngine\DrawPasses\GeometryPass.hpp">
      <Filter>Header Files\DrawPasses</Filter>
    </ClInclude>
    <ClInclude Include="..\source\VulkanEngine\DrawPasses\LightingPass.hpp">
      <Filter>Header Files\DrawPasses</Filter>
    </ClInclude>
    <ClInclude Include="..\source\VulkanEngine\DrawPasses\ShadowPass.hpp">
      <Filter>Header Files\DrawPasses</Filter>
    </ClInclude>
    <ClInclude Include="..\source\VulkanEngine\VulkanGraphicsEngine.hpp">
      <Filter>Header Files</Filter>
    </ClInclude>
    <ClInclude Include="..\source\VulkanEngine\VulkanGraphicsEngineUtils.hpp">
      <Filter>Header Files</Filter>
    </ClInclude>
    <ClInclude Include="..\source\VulkanEngine\Swapchain.hpp">
      <Filter>Header Files</Filter>
    </ClInclude>
    <ClInclude Include="..\source\VulkanEngine\GraphicsContext.hpp">
      <Filter>Header Files</Filter>
    </ClInclude>
    <ClInclude Include="..\source\VulkanEngine\Camera.hpp">
      <Filter>Header Files</Filter>
    </ClInclude>
    <ClInclude Include="..\vendor\imgui-docking\imgui.h">
      <Filter>ImGui</Filter>
    </ClInclude>
    <ClInclude Include="..\vendor\imgui-docking\backends\imgui_impl_glfw.h">
      <Filter>ImGui</Filter>
    </ClInclude>
    <ClInclude Include="..\vendor\imgui-docking\backends\imgui_impl_vulkan.h">
      <Filter>ImGui</Filter>
    </ClInclude>
    <ClInclude Include="..\vendor\imgui-docking\imgui_internal.h">
      <Filter>ImGui</Filter>
    </ClInclude>
    <ClInclude Include="..\vendor\imgui-docking\imconfig.h">
      <Filter>Header Files</Filter>
    </ClInclude>
    <ClInclude Include="..\source\VulkanEngine\DrawPasses\AtmosphericsPass.hpp">
      <Filter>Header Files\DrawPasses</Filter>
    </ClInclude>
    <ClInclude Include="..\source\VulkanEngine\Managers\InputManager.hpp">
      <Filter>Header Files\Managers</Filter>
    </ClInclude>
    <ClInclude Include="..\source\VulkanEngine\Managers\Model.hpp">
      <Filter>Header Files\Managers</Filter>
    </ClInclude>
    <ClInclude Include="..\source\VulkanEngine\Managers\ModelManager.hpp">
      <Filter>Header Files\Managers</Filter>
    </ClInclude>
    <ClInclude Include="..\source\VulkanEngine\Managers\Texture.hpp">
      <Filter>Header Files\Managers</Filter>
    </ClInclude>
    <ClInclude Include="..\source\VulkanEngine\DrawPasses\DrawPass.hpp">
      <Filter>Header Files\DrawPasses</Filter>
    </ClInclude>
    <ClInclude Include="..\source\VulkanEngine\DrawPasses\Pipeline.hpp">
      <Filter>Header Files\DrawPasses</Filter>
    </ClInclude>
  </ItemGroup>
  <ItemGroup>
    <CustomBuild Include="..\shaders\deferred.frag">
      <Filter>Shaders</Filter>
    </CustomBuild>
    <CustomBuild Include="..\shaders\deferred.vert">
      <Filter>Shaders</Filter>
    </CustomBuild>
    <CustomBuild Include="..\shaders\geometry.frag">
      <Filter>Shaders</Filter>
    </CustomBuild>
    <CustomBuild Include="..\shaders\geometry.vert">
      <Filter>Shaders</Filter>
    </CustomBuild>
    <CustomBuild Include="..\shaders\shadow.vert">
      <Filter>Shaders</Filter>
    </CustomBuild>
    <CustomBuild Include="..\shaders\shadow.frag">
      <Filter>Shaders</Filter>
    </CustomBuild>
    <CustomBuild Include="..\shaders\atmospherics.frag">
      <Filter>Shaders</Filter>
    </CustomBuild>
    <CustomBuild Include="..\shaders\atmospherics.vert">
      <Filter>Shaders</Filter>
    </CustomBuild>
  </ItemGroup>
  <ItemGroup>
    <Natvis Include="..\vendor\imgui-docking\misc\debuggers\imgui.natvis" />
  </ItemGroup>
  <ItemGroup>
    <None Include="..\vendor\imgui-docking\misc\debuggers\imgui.natstepfilter" />
  </ItemGroup>
</Project>