
Microsoft Visual Studio Solution File, Format Version 12.00
# Visual Studio Version 16
VisualStudioVersion = 16.0.34031.81
MinimumVisualStudioVersion = 10.0.40219.1
Project("{8BC9CEB8-8B4A-11D0-8D11-00A0C91BC942}") = "VulkanGraphicsEngine", "VulkanGraphicsEngine.vcxproj", "{8C07ABF9-DAB3-4F2C-8E11-89BEFF724762}"
EndProject
Global
	GlobalSection(SolutionConfigurationPlatforms) = preSolution
		Debug|x64 = Debug|x64
		Debug|x86 = Debug|x86
		Release|x64 = Release|x64
		Release|x86 = Release|x86
	EndGlobalSection
	GlobalSection(ProjectConfigurationPlatforms) = postSolution
		{8C07ABF9-DAB3-4F2C-8E11-89BEFF724762}.Debug|x64.ActiveCfg = Debug|x64
		{8C07ABF9-DAB3-4F2C-8E11-89BEFF724762}.Debug|x64.Build.0 = Debug|x64
		{8C07ABF9-DAB3-4F2C-8E11-89BEFF724762}.Debug|x86.ActiveCfg = Debug|Win32
		{8C07ABF9-DAB3-4F2C-8E11-89BEFF724762}.Debug|x86.Build.0 = Debug|Win32
		{8C07ABF9-DAB3-4F2C-8E11-89BEFF724762}.Release|x64.ActiveCfg = Release|x64
		{8C07ABF9-DAB3-4F2C-8E11-89BEFF724762}.Release|x64.Build.0 = Release|x64
		{8C07ABF9-DAB3-4F2C-8E11-89BEFF724762}.Release|x86.ActiveCfg = Release|Win32
		{8C07ABF9-DAB3-4F2C-8E11-89BEFF724762}.Release|x86.Build.0 = Release|Win32
	EndGlobalSection
	GlobalSection(SolutionProperties) = preSolution
		HideSolutionNode = FALSE
	EndGlobalSection
	GlobalSection(ExtensibilityGlobals) = postSolution
		SolutionGuid = {041ADD2F-1FAB-4E27-A82C-2C200E0EE4CE}
	EndGlobalSection
EndGlobal
